# This file is automatically @generated by Cargo.
# It is not intended for manual editing.
version = 4

[[package]]
name = "discord-core"
version = "0.1.0"
dependencies = [
 "discord-media",
 "discord-session",
]

[[package]]
name = "discord-media"
version = "0.1.0"

[[package]]
name = "discord-session"
version = "0.1.0"
